// !$*UTF8*$!
{
	archiveVersion = 1;
	classes = {
	};
	objectVersion = 77;
	objects = {

/* Begin PBXContainerItemProxy section */
		43BB80F92D88CD1B0026BB73 /* PBXContainerItemProxy */ = {
			isa = PBXContainerItemProxy;
			containerPortal = 43BB80DA2D88CD1B0026BB73 /* Project object */;
			proxyType = 1;
			remoteGlobalIDString = 43BB80E12D88CD1B0026BB73;
			remoteInfo = SwiftPromptKit;
		};
		43BB81032D88CD1B0026BB73 /* PBXContainerItemProxy */ = {
			isa = PBXContainerItemProxy;
			containerPortal = 43BB80DA2D88CD1B0026BB73 /* Project object */;
			proxyType = 1;
			remoteGlobalIDString = 43BB80E12D88CD1B0026BB73;
			remoteInfo = SwiftPromptKit;
		};
/* End PBXContainerItemProxy section */

/* Begin PBXFileReference section */
		43BB80E22D88CD1B0026BB73 /* SwiftPromptKit.app */ = {isa = PBXFileReference; explicitFileType = wrapper.application; includeInIndex = 0; path = SwiftPromptKit.app; sourceTree = BUILT_PRODUCTS_DIR; };
		43BB80F82D88CD1B0026BB73 /* SwiftPromptKitTests.xctest */ = {isa = PBXFileReference; explicitFileType = wrapper.cfbundle; includeInIndex = 0; path = SwiftPromptKitTests.xctest; sourceTree = BUILT_PRODUCTS_DIR; };
		43BB81022D88CD1B0026BB73 /* SwiftPromptKitUITests.xctest */ = {isa = PBXFileReference; explicitFileType = wrapper.cfbundle; includeInIndex = 0; path = SwiftPromptKitUITests.xctest; sourceTree = BUILT_PRODUCTS_DIR; };
/* End PBXFileReference section */

/* Begin PBXFileSystemSynchronizedBuildFileExceptionSet section */
		43BB810A2D88CD1B0026BB73 /* Exceptions for "SwiftPromptKit" folder in "SwiftPromptKit" target */ = {
			isa = PBXFileSystemSynchronizedBuildFileExceptionSet;
			membershipExceptions = (
				Info.plist,
			);
			target = 43BB80E12D88CD1B0026BB73 /* SwiftPromptKit */;
		};
/* End PBXFileSystemSynchronizedBuildFileExceptionSet section */

/* Begin PBXFileSystemSynchronizedRootGroup section */
		43BB80E42D88CD1B0026BB73 /* SwiftPromptKit */ = {
			isa = PBXFileSystemSynchronizedRootGroup;
			exceptions = (
				43BB810A2D88CD1B0026BB73 /* Exceptions for "SwiftPromptKit" folder in "SwiftPromptKit" target */,
			);
			path = SwiftPromptKit;
			sourceTree = "<group>";
		};
		43BB80FB2D88CD1B0026BB73 /* SwiftPromptKitTests */ = {
			isa = PBXFileSystemSynchronizedRootGroup;
			path = SwiftPromptKitTests;
			sourceTree = "<group>";
		};
		43BB81052D88CD1B0026BB73 /* SwiftPromptKitUITests */ = {
			isa = PBXFileSystemSynchronizedRootGroup;
			path = SwiftPromptKitUITests;
			sourceTree = "<group>";
		};
/* End PBXFileSystemSynchronizedRootGroup section */

/* Begin PBXFrameworksBuildPhase section */
		43BB80DF2D88CD1B0026BB73 /* Frameworks */ = {
			isa = PBXFrameworksBuildPhase;
			buildActionMask = 2147483647;
			files = (
			);
			runOnlyForDeploymentPostprocessing = 0;
		};
		43BB80F52D88CD1B0026BB73 /* Frameworks */ = {
			isa = PBXFrameworksBuildPhase;
			buildActionMask = 2147483647;
			files = (
			);
			runOnlyForDeploymentPostprocessing = 0;
		};
		43BB80FF2D88CD1B0026BB73 /* Frameworks */ = {
			isa = PBXFrameworksBuildPhase;
			buildActionMask = 2147483647;
			files = (
			);
			runOnlyForDeploymentPostprocessing = 0;
		};
/* End PBXFrameworksBuildPhase section */

/* Begin PBXGroup section */
		43BB80D92D88CD1B0026BB73 = {
			isa = PBXGroup;
			children = (
				43BB80E42D88CD1B0026BB73 /* SwiftPromptKit */,
				43BB80FB2D88CD1B0026BB73 /* SwiftPromptKitTests */,
				43BB81052D88CD1B0026BB73 /* SwiftPromptKitUITests */,
				43BB80E32D88CD1B0026BB73 /* Products */,
			);
			sourceTree = "<group>";
		};
		43BB80E32D88CD1B0026BB73 /* Products */ = {
			isa = PBXGroup;
			children = (
				43BB80E22D88CD1B0026BB73 /* SwiftPromptKit.app */,
				43BB80F82D88CD1B0026BB73 /* SwiftPromptKitTests.xctest */,
				43BB81022D88CD1B0026BB73 /* SwiftPromptKitUITests.xctest */,
			);
			name = Products;
			sourceTree = "<group>";
		};
/* End PBXGroup section */

/* Begin PBXNativeTarget section */
		43BB80E12D88CD1B0026BB73 /* SwiftPromptKit */ = {
			isa = PBXNativeTarget;
			buildConfigurationList = 43BB810B2D88CD1B0026BB73 /* Build configuration list for PBXNativeTarget "SwiftPromptKit" */;
			buildPhases = (
				43BB80DE2D88CD1B0026BB73 /* Sources */,
				43BB80DF2D88CD1B0026BB73 /* Frameworks */,
				43BB80E02D88CD1B0026BB73 /* Resources */,
			);
			buildRules = (
			);
			dependencies = (
			);
			fileSystemSynchronizedGroups = (
				43BB80E42D88CD1B0026BB73 /* SwiftPromptKit */,
			);
			name = SwiftPromptKit;
			packageProductDependencies = (
			);
			productName = SwiftPromptKit;
			productReference = 43BB80E22D88CD1B0026BB73 /* SwiftPromptKit.app */;
			productType = "com.apple.product-type.application";
		};
		43BB80F72D88CD1B0026BB73 /* SwiftPromptKitTests */ = {
			isa = PBXNativeTarget;
			buildConfigurationList = 43BB81102D88CD1B0026BB73 /* Build configuration list for PBXNativeTarget "SwiftPromptKitTests" */;
			buildPhases = (
				43BB80F42D88CD1B0026BB73 /* Sources */,
				43BB80F52D88CD1B0026BB73 /* Frameworks */,
				43BB80F62D88CD1B0026BB73 /* Resources */,
			);
			buildRules = (
			);
			dependencies = (
				43BB80FA2D88CD1B0026BB73 /* PBXTargetDependency */,
			);
			fileSystemSynchronizedGroups = (
				43BB80FB2D88CD1B0026BB73 /* SwiftPromptKitTests */,
			);
			name = SwiftPromptKitTests;
			packageProductDependencies = (
			);
			productName = SwiftPromptKitTests;
			productReference = 43BB80F82D88CD1B0026BB73 /* SwiftPromptKitTests.xctest */;
			productType = "com.apple.product-type.bundle.unit-test";
		};
		43BB81012D88CD1B0026BB73 /* SwiftPromptKitUITests */ = {
			isa = PBXNativeTarget;
			buildConfigurationList = 43BB81132D88CD1B0026BB73 /* Build configuration list for PBXNativeTarget "SwiftPromptKitUITests" */;
			buildPhases = (
				43BB80FE2D88CD1B0026BB73 /* Sources */,
				43BB80FF2D88CD1B0026BB73 /* Frameworks */,
				43BB81002D88CD1B0026BB73 /* Resources */,
			);
			buildRules = (
			);
			dependencies = (
				43BB81042D88CD1B0026BB73 /* PBXTargetDependency */,
			);
			fileSystemSynchronizedGroups = (
				43BB81052D88CD1B0026BB73 /* SwiftPromptKitUITests */,
			);
			name = SwiftPromptKitUITests;
			packageProductDependencies = (
			);
			productName = SwiftPromptKitUITests;
			productReference = 43BB81022D88CD1B0026BB73 /* SwiftPromptKitUITests.xctest */;
			productType = "com.apple.product-type.bundle.ui-testing";
		};
/* End PBXNativeTarget section */

/* Begin PBXProject section */
		43BB80DA2D88CD1B0026BB73 /* Project object */ = {
			isa = PBXProject;
			attributes = {
				BuildIndependentTargetsInParallel = 1;
				LastSwiftUpdateCheck = 1620;
				LastUpgradeCheck = 1620;
				TargetAttributes = {
					43BB80E12D88CD1B0026BB73 = {
						CreatedOnToolsVersion = 16.2;
					};
					43BB80F72D88CD1B0026BB73 = {
						CreatedOnToolsVersion = 16.2;
						TestTargetID = 43BB80E12D88CD1B0026BB73;
					};
					43BB81012D88CD1B0026BB73 = {
						CreatedOnToolsVersion = 16.2;
						TestTargetID = 43BB80E12D88CD1B0026BB73;
					};
				};
			};
			buildConfigurationList = 43BB80DD2D88CD1B0026BB73 /* Build configuration list for PBXProject "SwiftPromptKit" */;
			developmentRegion = en;
			hasScannedForEncodings = 0;
			knownRegions = (
				en,
				Base,
			);
			mainGroup = 43BB80D92D88CD1B0026BB73;
			minimizedProjectReferenceProxies = 1;
			preferredProjectObjectVersion = 77;
			productRefGroup = 43BB80E32D88CD1B0026BB73 /* Products */;
			projectDirPath = "";
			projectRoot = "";
			targets = (
				43BB80E12D88CD1B0026BB73 /* SwiftPromptKit */,
				43BB80F72D88CD1B0026BB73 /* SwiftPromptKitTests */,
				43BB81012D88CD1B0026BB73 /* SwiftPromptKitUITests */,
			);
		};
/* End PBXProject section */

/* Begin PBXResourcesBuildPhase section */
		43BB80E02D88CD1B0026BB73 /* Resources */ = {
			isa = PBXResourcesBuildPhase;
			buildActionMask = 2147483647;
			files = (
			);
			runOnlyForDeploymentPostprocessing = 0;
		};
		43BB80F62D88CD1B0026BB73 /* Resources */ = {
			isa = PBXResourcesBuildPhase;
			buildActionMask = 2147483647;
			files = (
			);
			runOnlyForDeploymentPostprocessing = 0;
		};
		43BB81002D88CD1B0026BB73 /* Resources */ = {
			isa = PBXResourcesBuildPhase;
			buildActionMask = 2147483647;
			files = (
			);
			runOnlyForDeploymentPostprocessing = 0;
		};
/* End PBXResourcesBuildPhase section */

/* Begin PBXSourcesBuildPhase section */
		43BB80DE2D88CD1B0026BB73 /* Sources */ = {
			isa = PBXSourcesBuildPhase;
			buildActionMask = 2147483647;
			files = (
			);
			runOnlyForDeploymentPostprocessing = 0;
		};
		43BB80F42D88CD1B0026BB73 /* Sources */ = {
			isa = PBXSourcesBuildPhase;
			buildActionMask = 2147483647;
			files = (
			);
			runOnlyForDeploymentPostprocessing = 0;
		};
		43BB80FE2D88CD1B0026BB73 /* Sources */ = {
			isa = PBXSourcesBuildPhase;
			buildActionMask = 2147483647;
			files = (
			);
			runOnlyForDeploymentPostprocessing = 0;
		};
/* End PBXSourcesBuildPhase section */

/* Begin PBXTargetDependency section */
		43BB80FA2D88CD1B0026BB73 /* PBXTargetDependency */ = {
			isa = PBXTargetDependency;
			target = 43BB80E12D88CD1B0026BB73 /* SwiftPromptKit */;
			targetProxy = 43BB80F92D88CD1B0026BB73 /* PBXContainerItemProxy */;
		};
		43BB81042D88CD1B0026BB73 /* PBXTargetDependency */ = {
			isa = PBXTargetDependency;
			target = 43BB80E12D88CD1B0026BB73 /* SwiftPromptKit */;
			targetProxy = 43BB81032D88CD1B0026BB73 /* PBXContainerItemProxy */;
		};
/* End PBXTargetDependency section */

/* Begin XCBuildConfiguration section */
		43BB810C2D88CD1B0026BB73 /* Debug */ = {
			isa = XCBuildConfiguration;
			buildSettings = {
				ASSETCATALOG_COMPILER_APPICON_NAME = AppIcon;
				ASSETCATALOG_COMPILER_GLOBAL_ACCENT_COLOR_NAME = AccentColor;
				CODE_SIGN_STYLE = Automatic;
				CURRENT_PROJECT_VERSION = 1;
				DEVELOPMENT_TEAM = 3T8U2C2UDF;
				GENERATE_INFOPLIST_FILE = YES;
				INFOPLIST_FILE = SwiftPromptKit/Info.plist;
				INFOPLIST_KEY_UIApplicationSupportsIndirectInputEvents = YES;
				INFOPLIST_KEY_UILaunchStoryboardName = LaunchScreen;
				INFOPLIST_KEY_UIMainStoryboardFile = Main;
				INFOPLIST_KEY_UISupportedInterfaceOrientations_iPad = "UIInterfaceOrientationPortrait UIInterfaceOrientationPortraitUpsideDown UIInterfaceOrientationLandscapeLeft UIInterfaceOrientationLandscapeRight";
				INFOPLIST_KEY_UISupportedInterfaceOrientations_iPhone = "UIInterfaceOrientationPortrait UIInterfaceOrientationLandscapeLeft UIInterfaceOrientationLandscapeRight";
				LD_RUNPATH_SEARCH_PATHS = (
					"$(inherited)",
					"@executable_path/Frameworks",
				);
				MARKETING_VERSION = 1.0;
				PRODUCT_BUNDLE_IDENTIFIER = com.nuxe.SwiftPromptKit;
				PRODUCT_NAME = "$(TARGET_NAME)";
				SWIFT_EMIT_LOC_STRINGS = YES;
				SWIFT_VERSION = 5.0;
				TARGETED_DEVICE_FAMILY = "1,2";
			};
			name = Debug;
		};
		43BB810D2D88CD1B0026BB73 /* Release */ = {
			isa = XCBuildConfiguration;
			buildSettings = {
				ASSETCATALOG_COMPILER_APPICON_NAME = AppIcon;
				ASSETCATALOG_COMPILER_GLOBAL_ACCENT_COLOR_NAME = AccentColor;
				CODE_SIGN_STYLE = Automatic;
				CURRENT_PROJECT_VERSION = 1;
				DEVELOPMENT_TEAM = 3T8U2C2UDF;
				GENERATE_INFOPLIST_FILE = YES;
				INFOPLIST_FILE = SwiftPromptKit/Info.plist;
				INFOPLIST_KEY_UIApplicationSupportsIndirectInputEvents = YES;
				INFOPLIST_KEY_UILaunchStoryboardName = LaunchScreen;
				INFOPLIST_KEY_UIMainStoryboardFile = Main;
				INFOPLIST_KEY_UISupportedInterfaceOrientations_iPad = "UIInterfaceOrientationPortrait UIInterfaceOrientationPortraitUpsideDown UIInterfaceOrientationLandscapeLeft UIInterfaceOrientationLandscapeRight";
				INFOPLIST_KEY_UISupportedInterfaceOrientations_iPhone = "UIInterfaceOrientationPortrait UIInterfaceOrientationLandscapeLeft UIInterfaceOrientationLandscapeRight";
				LD_RUNPATH_SEARCH_PATHS = (
					"$(inherited)",
					"@executable_path/Frameworks",
				);
				MARKETING_VERSION = 1.0;
				PRODUCT_BUNDLE_IDENTIFIER = com.nuxe.SwiftPromptKit;
				PRODUCT_NAME = "$(TARGET_NAME)";
				SWIFT_EMIT_LOC_STRINGS = YES;
				SWIFT_VERSION = 5.0;
				TARGETED_DEVICE_FAMILY = "1,2";
			};
			name = Release;
		};
		43BB810E2D88CD1B0026BB73 /* Debug */ = {
			isa = XCBuildConfiguration;
			buildSettings = {
				ALWAYS_SEARCH_USER_PATHS = NO;
				ASSETCATALOG_COMPILER_GENERATE_SWIFT_ASSET_SYMBOL_EXTENSIONS = YES;
				CLANG_ANALYZER_NONNULL = YES;
				CLANG_ANALYZER_NUMBER_OBJECT_CONVERSION = YES_AGGRESSIVE;
				CLANG_CXX_LANGUAGE_STANDARD = "gnu++20";
				CLANG_ENABLE_MODULES = YES;
				CLANG_ENABLE_OBJC_ARC = YES;
				CLANG_ENABLE_OBJC_WEAK = YES;
				CLANG_WARN_BLOCK_CAPTURE_AUTORELEASING = YES;
				CLANG_WARN_BOOL_CONVERSION = YES;
				CLANG_WARN_COMMA = YES;
				CLANG_WARN_CONSTANT_CONVERSION = YES;
				CLANG_WARN_DEPRECATED_OBJC_IMPLEMENTATIONS = YES;
				CLANG_WARN_DIRECT_OBJC_ISA_USAGE = YES_ERROR;
				CLANG_WARN_DOCUMENTATION_COMMENTS = YES;
				CLANG_WARN_EMPTY_BODY = YES;
				CLANG_WARN_ENUM_CONVERSION = YES;
				CLANG_WARN_INFINITE_RECURSION = YES;
				CLANG_WARN_INT_CONVERSION = YES;
				CLANG_WARN_NON_LITERAL_NULL_CONVERSION = YES;
				CLANG_WARN_OBJC_IMPLICIT_RETAIN_SELF = YES;
				CLANG_WARN_OBJC_LITERAL_CONVERSION = YES;
				CLANG_WARN_OBJC_ROOT_CLASS = YES_ERROR;
				CLANG_WARN_QUOTED_INCLUDE_IN_FRAMEWORK_HEADER = YES;
				CLANG_WARN_RANGE_LOOP_ANALYSIS = YES;
				CLANG_WARN_STRICT_PROTOTYPES = YES;
				CLANG_WARN_SUSPICIOUS_MOVE = YES;
				CLANG_WARN_UNGUARDED_AVAILABILITY = YES_AGGRESSIVE;
				CLANG_WARN_UNREACHABLE_CODE = YES;
				CLANG_WARN__DUPLICATE_METHOD_MATCH = YES;
				COPY_PHASE_STRIP = NO;
				DEBUG_INFORMATION_FORMAT = dwarf;
				ENABLE_STRICT_OBJC_MSGSEND = YES;
				ENABLE_TESTABILITY = YES;
				ENABLE_USER_SCRIPT_SANDBOXING = YES;
				GCC_C_LANGUAGE_STANDARD = gnu17;
				GCC_DYNAMIC_NO_PIC = NO;
				GCC_NO_COMMON_BLOCKS = YES;
				GCC_OPTIMIZATION_LEVEL = 0;
				GCC_PREPROCESSOR_DEFINITIONS = (
					"DEBUG=1",
					"$(inherited)",
				);
				GCC_WARN_64_TO_32_BIT_CONVERSION = YES;
				GCC_WARN_ABOUT_RETURN_TYPE = YES_ERROR;
				GCC_WARN_UNDECLARED_SELECTOR = YES;
				GCC_WARN_UNINITIALIZED_AUTOS = YES_AGGRESSIVE;
				GCC_WARN_UNUSED_FUNCTION = YES;
				GCC_WARN_UNUSED_VARIABLE = YES;
				IPHONEOS_DEPLOYMENT_TARGET = 18.2;
				LOCALIZATION_PREFERS_STRING_CATALOGS = YES;
				MTL_ENABLE_DEBUG_INFO = INCLUDE_SOURCE;
				MTL_FAST_MATH = YES;
				ONLY_ACTIVE_ARCH = YES;
				SDKROOT = iphoneos;
				SWIFT_ACTIVE_COMPILATION_CONDITIONS = "DEBUG $(inherited)";
				SWIFT_OPTIMIZATION_LEVEL = "-Onone";
			};
			name = Debug;
		};
		43BB810F2D88CD1B0026BB73 /* Release */ = {
			isa = XCBuildConfiguration;
			buildSettings = {
				ALWAYS_SEARCH_USER_PATHS = NO;
				ASSETCATALOG_COMPILER_GENERATE_SWIFT_ASSET_SYMBOL_EXTENSIONS = YES;
				CLANG_ANALYZER_NONNULL = YES;
				CLANG_ANALYZER_NUMBER_OBJECT_CONVERSION = YES_AGGRESSIVE;
				CLANG_CXX_LANGUAGE_STANDARD = "gnu++20";
				CLANG_ENABLE_MODULES = YES;
				CLANG_ENABLE_OBJC_ARC = YES;
				CLANG_ENABLE_OBJC_WEAK = YES;
				CLANG_WARN_BLOCK_CAPTURE_AUTORELEASING = YES;
				CLANG_WARN_BOOL_CONVERSION = YES;
				CLANG_WARN_COMMA = YES;
				CLANG_WARN_CONSTANT_CONVERSION = YES;
				CLANG_WARN_DEPRECATED_OBJC_IMPLEMENTATIONS = YES;
				CLANG_WARN_DIRECT_OBJC_ISA_USAGE = YES_ERROR;
				CLANG_WARN_DOCUMENTATION_COMMENTS = YES;
				CLANG_WARN_EMPTY_BODY = YES;
				CLANG_WARN_ENUM_CONVERSION = YES;
				CLANG_WARN_INFINITE_RECURSION = YES;
				CLANG_WARN_INT_CONVERSION = YES;
				CLANG_WARN_NON_LITERAL_NULL_CONVERSION = YES;
				CLANG_WARN_OBJC_IMPLICIT_RETAIN_SELF = YES;
				CLANG_WARN_OBJC_LITERAL_CONVERSION = YES;
				CLANG_WARN_OBJC_ROOT_CLASS = YES_ERROR;
				CLANG_WARN_QUOTED_INCLUDE_IN_FRAMEWORK_HEADER = YES;
				CLANG_WARN_RANGE_LOOP_ANALYSIS = YES;
				CLANG_WARN_STRICT_PROTOTYPES = YES;
				CLANG_WARN_SUSPICIOUS_MOVE = YES;
				CLANG_WARN_UNGUARDED_AVAILABILITY = YES_AGGRESSIVE;
				CLANG_WARN_UNREACHABLE_CODE = YES;
				CLANG_WARN__DUPLICATE_METHOD_MATCH = YES;
				COPY_PHASE_STRIP = NO;
				DEBUG_INFORMATION_FORMAT = "dwarf-with-dsym";
				ENABLE_NS_ASSERTIONS = NO;
				ENABLE_STRICT_OBJC_MSGSEND = YES;
				ENABLE_USER_SCRIPT_SANDBOXING = YES;
				GCC_C_LANGUAGE_STANDARD = gnu17;
				GCC_NO_COMMON_BLOCKS = YES;
				GCC_WARN_64_TO_32_BIT_CONVERSION = YES;
				GCC_WARN_ABOUT_RETURN_TYPE = YES_ERROR;
				GCC_WARN_UNDECLARED_SELECTOR = YES;
				GCC_WARN_UNINITIALIZED_AUTOS = YES_AGGRESSIVE;
				GCC_WARN_UNUSED_FUNCTION = YES;
				GCC_WARN_UNUSED_VARIABLE = YES;
				IPHONEOS_DEPLOYMENT_TARGET = 18.2;
				LOCALIZATION_PREFERS_STRING_CATALOGS = YES;
				MTL_ENABLE_DEBUG_INFO = NO;
				MTL_FAST_MATH = YES;
				SDKROOT = iphoneos;
				SWIFT_COMPILATION_MODE = wholemodule;
				VALIDATE_PRODUCT = YES;
			};
			name = Release;
		};
		43BB81112D88CD1B0026BB73 /* Debug */ = {
			isa = XCBuildConfiguration;
			buildSettings = {
				BUNDLE_LOADER = "$(TEST_HOST)";
				CODE_SIGN_STYLE = Automatic;
				CURRENT_PROJECT_VERSION = 1;
				DEVELOPMENT_TEAM = 3T8U2C2UDF;
				GENERATE_INFOPLIST_FILE = YES;
				IPHONEOS_DEPLOYMENT_TARGET = 18.2;
				MARKETING_VERSION = 1.0;
				PRODUCT_BUNDLE_IDENTIFIER = com.nuxe.SwiftPromptKitTests;
				PRODUCT_NAME = "$(TARGET_NAME)";
				SWIFT_EMIT_LOC_STRINGS = NO;
				SWIFT_VERSION = 5.0;
				TARGETED_DEVICE_FAMILY = "1,2";
				TEST_HOST = "$(BUILT_PRODUCTS_DIR)/SwiftPromptKit.app/$(BUNDLE_EXECUTABLE_FOLDER_PATH)/SwiftPromptKit";
			};
			name = Debug;
		};
		43BB81122D88CD1B0026BB73 /* Release */ = {
			isa = XCBuildConfiguration;
			buildSettings = {
				BUNDLE_LOADER = "$(TEST_HOST)";
				CODE_SIGN_STYLE = Automatic;
				CURRENT_PROJECT_VERSION = 1;
				DEVELOPMENT_TEAM = 3T8U2C2UDF;
				GENERATE_INFOPLIST_FILE = YES;
				IPHONEOS_DEPLOYMENT_TARGET = 18.2;
				MARKETING_VERSION = 1.0;
				PRODUCT_BUNDLE_IDENTIFIER = com.nuxe.SwiftPromptKitTests;
				PRODUCT_NAME = "$(TARGET_NAME)";
				SWIFT_EMIT_LOC_STRINGS = NO;
				SWIFT_VERSION = 5.0;
				TARGETED_DEVICE_FAMILY = "1,2";
				TEST_HOST = "$(BUILT_PRODUCTS_DIR)/SwiftPromptKit.app/$(BUNDLE_EXECUTABLE_FOLDER_PATH)/SwiftPromptKit";
			};
			name = Release;
		};
		43BB81142D88CD1B0026BB73 /* Debug */ = {
			isa = XCBuildConfiguration;
			buildSettings = {
				CODE_SIGN_STYLE = Automatic;
				CURRENT_PROJECT_VERSION = 1;
				DEVELOPMENT_TEAM = 3T8U2C2UDF;
				GENERATE_INFOPLIST_FILE = YES;
				MARKETING_VERSION = 1.0;
				PRODUCT_BUNDLE_IDENTIFIER = com.nuxe.SwiftPromptKitUITests;
				PRODUCT_NAME = "$(TARGET_NAME)";
				SWIFT_EMIT_LOC_STRINGS = NO;
				SWIFT_VERSION = 5.0;
				TARGETED_DEVICE_FAMILY = "1,2";
				TEST_TARGET_NAME = SwiftPromptKit;
			};
			name = Debug;
		};
		43BB81152D88CD1B0026BB73 /* Release */ = {
			isa = XCBuildConfiguration;
			buildSettings = {
				CODE_SIGN_STYLE = Automatic;
				CURRENT_PROJECT_VERSION = 1;
				DEVELOPMENT_TEAM = 3T8U2C2UDF;
				GENERATE_INFOPLIST_FILE = YES;
				MARKETING_VERSION = 1.0;
				PRODUCT_BUNDLE_IDENTIFIER = com.nuxe.SwiftPromptKitUITests;
				PRODUCT_NAME = "$(TARGET_NAME)";
				SWIFT_EMIT_LOC_STRINGS = NO;
				SWIFT_VERSION = 5.0;
				TARGETED_DEVICE_FAMILY = "1,2";
				TEST_TARGET_NAME = SwiftPromptKit;
			};
			name = Release;
		};
/* End XCBuildConfiguration section */

/* Begin XCConfigurationList section */
		43BB80DD2D88CD1B0026BB73 /* Build configuration list for PBXProject "SwiftPromptKit" */ = {
			isa = XCConfigurationList;
			buildConfigurations = (
				43BB810E2D88CD1B0026BB73 /* Debug */,
				43BB810F2D88CD1B0026BB73 /* Release */,
			);
			defaultConfigurationIsVisible = 0;
			defaultConfigurationName = Release;
		};
		43BB810B2D88CD1B0026BB73 /* Build configuration list for PBXNativeTarget "SwiftPromptKit" */ = {
			isa = XCConfigurationList;
			buildConfigurations = (
				43BB810C2D88CD1B0026BB73 /* Debug */,
				43BB810D2D88CD1B0026BB73 /* Release */,
			);
			defaultConfigurationIsVisible = 0;
			defaultConfigurationName = Release;
		};
		43BB81102D88CD1B0026BB73 /* Build configuration list for PBXNativeTarget "SwiftPromptKitTests" */ = {
			isa = XCConfigurationList;
			buildConfigurations = (
				43BB81112D88CD1B0026BB73 /* Debug */,
				43BB81122D88CD1B0026BB73 /* Release */,
			);
			defaultConfigurationIsVisible = 0;
			defaultConfigurationName = Release;
		};
		43BB81132D88CD1B0026BB73 /* Build configuration list for PBXNativeTarget "SwiftPromptKitUITests" */ = {
			isa = XCConfigurationList;
			buildConfigurations = (
				43BB81142D88CD1B0026BB73 /* Debug */,
				43BB81152D88CD1B0026BB73 /* Release */,
			);
			defaultConfigurationIsVisible = 0;
			defaultConfigurationName = Release;
		};
/* End XCConfigurationList section */
	};
	rootObject = 43BB80DA2D88CD1B0026BB73 /* Project object */;
}
